[[package]]
name = "asyncpg"
version = "0.23.0"
description = "An asyncio PostgreSQL driver"
category = "main"
optional = false
python-versions = ">=3.5.0"

[package.extras]
dev = ["Cython (>=0.29.20,<0.30.0)", "pytest (>=3.6.0)", "Sphinx (>=1.7.3,<1.8.0)", "sphinxcontrib-asyncio (>=0.2.0,<0.3.0)", "sphinx-rtd-theme (>=0.2.4,<0.3.0)", "pycodestyle (>=2.5.0,<2.6.0)", "flake8 (>=3.7.9,<3.8.0)", "uvloop (>=0.14.0,<0.15.0)"]
docs = ["Sphinx (>=1.7.3,<1.8.0)", "sphinxcontrib-asyncio (>=0.2.0,<0.3.0)", "sphinx-rtd-theme (>=0.2.4,<0.3.0)"]
test = ["pycodestyle (>=2.5.0,<2.6.0)", "flake8 (>=3.7.9,<3.8.0)", "uvloop (>=0.14.0,<0.15.0)"]

[[package]]
name = "asyncpgsa"
version = "0.27.1"
description = "sqlalchemy support for asyncpg"
category = "main"
optional = false
python-versions = "*"

[package.dependencies]
asyncpg = ">=0.22.0"
sqlalchemy = "*"

[[package]]
name = "sqlalchemy"
version = "1.3.24"
description = "Database Abstraction Library"
category = "main"
optional = false
python-versions = ">=2.7, !=3.0.*, !=3.1.*, !=3.2.*, !=3.3.*"

[package.extras]
mssql = ["pyodbc"]
mssql_pymssql = ["pymssql"]
mssql_pyodbc = ["pyodbc"]
mysql = ["mysqlclient"]
oracle = ["cx-oracle"]
postgresql = ["psycopg2"]
postgresql_pg8000 = ["pg8000 (<1.16.6)"]
postgresql_psycopg2binary = ["psycopg2-binary"]
postgresql_psycopg2cffi = ["psycopg2cffi"]
pymysql = ["pymysql (<1)", "pymysql"]

[metadata]
lock-version = "1.1"
python-versions = "^3.9"
content-hash = "1135a31962d2a2e541bc77bbb1f9fe414fd2442c5e322a9f25eae3ef13a6ce73"

[metadata.files]
asyncpg = [
    {file = "asyncpg-0.23.0-cp35-cp35m-macosx_10_14_x86_64.whl", hash = "sha256:f86378bbfbec7334af03bad4d5fd432149286665ecc8bfbcb7135da56b15d34b"},
    {file = "asyncpg-0.23.0-cp35-cp35m-manylinux_2_5_x86_64.manylinux1_x86_64.whl", hash = "sha256:255839c8c52ebd72d6d0159564d7eb8f70fcf6cc9ce7cdc7e98328fd3279bf52"},
    {file = "asyncpg-0.23.0-cp36-cp36m-macosx_10_14_x86_64.whl", hash = "sha256:11102ac2febbc208427f39e4555537ecf188bd70ef7b285fc92c6c16b748b4c6"},
    {file = "asyncpg-0.23.0-cp36-cp36m-manylinux_2_5_x86_64.manylinux1_x86_64.whl", hash = "sha256:d82d94badd34c8adbc5c85b85085317444cd9e062fc8b956221b34ba4c823b56"},
    {file = "asyncpg-0.23.0-cp36-cp36m-win_amd64.whl", hash = "sha256:a88654ede00596a7bdaa08066ff0505aed491f790621dcdb478066c7ddfd1a3d"},
    {file = "asyncpg-0.23.0-cp37-cp37m-macosx_10_14_x86_64.whl", hash = "sha256:a2031df7573c80186339039cc2c4e684648fea5eaa9537c24f18c509bda2cd3f"},
    {file = "asyncpg-0.23.0-cp37-cp37m-manylinux_2_5_x86_64.manylinux1_x86_64.whl", hash = "sha256:2710b5740cbd572e0fddc20986a44707f05d3f84e29fab72abe87fb8c2fc6885"},
    {file = "asyncpg-0.23.0-cp37-cp37m-win_amd64.whl", hash = "sha256:b784138e69752aaa905b60c5a07a891445706824358fe1440d47113db72c8946"},
    {file = "asyncpg-0.23.0-cp38-cp38-macosx_10_14_x86_64.whl", hash = "sha256:a19429d480a387346ae74b38da20e8da004337f14e5066f4bd6a10a8bbe74d3c"},
    {file = "asyncpg-0.23.0-cp38-cp38-manylinux_2_5_x86_64.manylinux1_x86_64.whl", hash = "sha256:43c44d323c3bd6514fbe6a892ccfdc551259bd92e98dd34ad1a52bad8c7974f3"},
    {file = "asyncpg-0.23.0-cp38-cp38-win_amd64.whl", hash = "sha256:df84f3e93cd08cb31a252510a2e7be4bb15e6dff8a06d91f94c057a305d5d55d"},
    {file = "asyncpg-0.23.0-cp39-cp39-macosx_10_14_x86_64.whl", hash = "sha256:98bef539326408da0c2ed0714432e4c79e345820697914318013588ff235b581"},
    {file = "asyncpg-0.23.0-cp39-cp39-manylinux_2_5_x86_64.manylinux1_x86_64.whl", hash = "sha256:bd6e1f3db9889b5d987b6a1cab49c5b5070756290f3420a4c7a63d942d73ab69"},
    {file = "asyncpg-0.23.0-cp39-cp39-win_amd64.whl", hash = "sha256:ceedd46f569f5efb8b4def3d1dd6a0d85e1a44722608d68aa1d2d0f8693c1bff"},
    {file = "asyncpg-0.23.0.tar.gz", hash = "sha256:812dafa4c9e264d430adcc0f5899f0dc5413155a605088af696f952d72d36b5e"},
]
asyncpgsa = [
    {file = "asyncpgsa-0.27.1.tar.gz", hash = "sha256:32e9ad376caf969d606800a977f044dda2ed946eb10f3c87dac2690ae897f6aa"},
]
sqlalchemy = [
    {file = "SQLAlchemy-1.3.24-cp27-cp27m-macosx_10_14_x86_64.whl", hash = "sha256:87a2725ad7d41cd7376373c15fd8bf674e9c33ca56d0b8036add2d634dba372e"},
    {file = "SQLAlchemy-1.3.24-cp27-cp27m-win32.whl", hash = "sha256:f597a243b8550a3a0b15122b14e49d8a7e622ba1c9d29776af741f1845478d79"},
    {file = "SQLAlchemy-1.3.24-cp27-cp27m-win_amd64.whl", hash = "sha256:fc4cddb0b474b12ed7bdce6be1b9edc65352e8ce66bc10ff8cbbfb3d4047dbf4"},
    {file = "SQLAlchemy-1.3.24-cp35-cp35m-macosx_10_14_x86_64.whl", hash = "sha256:f1149d6e5c49d069163e58a3196865e4321bad1803d7886e07d8710de392c548"},
    {file = "SQLAlchemy-1.3.24-cp35-cp35m-manylinux1_x86_64.whl", hash = "sha256:14f0eb5db872c231b20c18b1e5806352723a3a89fb4254af3b3e14f22eaaec75"},
    {file = "SQLAlchemy-1.3.24-cp35-cp35m-manylinux2010_x86_64.whl", hash = "sha256:e98d09f487267f1e8d1179bf3b9d7709b30a916491997137dd24d6ae44d18d79"},
    {file = "SQLAlchemy-1.3.24-cp35-cp35m-manylinux2014_aarch64.whl", hash = "sha256:fc1f2a5a5963e2e73bac4926bdaf7790c4d7d77e8fc0590817880e22dd9d0b8b"},
    {file = "SQLAlchemy-1.3.24-cp35-cp35m-win32.whl", hash = "sha256:f3c5c52f7cb8b84bfaaf22d82cb9e6e9a8297f7c2ed14d806a0f5e4d22e83fb7"},
    {file = "SQLAlchemy-1.3.24-cp35-cp35m-win_amd64.whl", hash = "sha256:0352db1befcbed2f9282e72843f1963860bf0e0472a4fa5cf8ee084318e0e6ab"},
    {file = "SQLAlchemy-1.3.24-cp36-cp36m-macosx_10_14_x86_64.whl", hash = "sha256:2ed6343b625b16bcb63c5b10523fd15ed8934e1ed0f772c534985e9f5e73d894"},
    {file = "SQLAlchemy-1.3.24-cp36-cp36m-manylinux1_x86_64.whl", hash = "sha256:34fcec18f6e4b24b4a5f6185205a04f1eab1e56f8f1d028a2a03694ebcc2ddd4"},
    {file = "SQLAlchemy-1.3.24-cp36-cp36m-manylinux2010_x86_64.whl", hash = "sha256:e47e257ba5934550d7235665eee6c911dc7178419b614ba9e1fbb1ce6325b14f"},
    {file = "SQLAlchemy-1.3.24-cp36-cp36m-manylinux2014_aarch64.whl", hash = "sha256:816de75418ea0953b5eb7b8a74933ee5a46719491cd2b16f718afc4b291a9658"},
    {file = "SQLAlchemy-1.3.24-cp36-cp36m-win32.whl", hash = "sha256:26155ea7a243cbf23287f390dba13d7927ffa1586d3208e0e8d615d0c506f996"},
    {file = "SQLAlchemy-1.3.24-cp36-cp36m-win_amd64.whl", hash = "sha256:f03bd97650d2e42710fbe4cf8a59fae657f191df851fc9fc683ecef10746a375"},
    {file = "SQLAlchemy-1.3.24-cp37-cp37m-macosx_10_14_x86_64.whl", hash = "sha256:a006d05d9aa052657ee3e4dc92544faae5fcbaafc6128217310945610d862d39"},
    {file = "SQLAlchemy-1.3.24-cp37-cp37m-manylinux1_x86_64.whl", hash = "sha256:1e2f89d2e5e3c7a88e25a3b0e43626dba8db2aa700253023b82e630d12b37109"},
    {file = "SQLAlchemy-1.3.24-cp37-cp37m-manylinux2010_x86_64.whl", hash = "sha256:0d5d862b1cfbec5028ce1ecac06a3b42bc7703eb80e4b53fceb2738724311443"},
    {file = "SQLAlchemy-1.3.24-cp37-cp37m-manylinux2014_aarch64.whl", hash = "sha256:0172423a27fbcae3751ef016663b72e1a516777de324a76e30efa170dbd3dd2d"},
    {file = "SQLAlchemy-1.3.24-cp37-cp37m-win32.whl", hash = "sha256:d37843fb8df90376e9e91336724d78a32b988d3d20ab6656da4eb8ee3a45b63c"},
    {file = "SQLAlchemy-1.3.24-cp37-cp37m-win_amd64.whl", hash = "sha256:c10ff6112d119f82b1618b6dc28126798481b9355d8748b64b9b55051eb4f01b"},
    {file = "SQLAlchemy-1.3.24-cp38-cp38-macosx_10_14_x86_64.whl", hash = "sha256:861e459b0e97673af6cc5e7f597035c2e3acdfb2608132665406cded25ba64c7"},
    {file = "SQLAlchemy-1.3.24-cp38-cp38-manylinux1_x86_64.whl", hash = "sha256:5de2464c254380d8a6c20a2746614d5a436260be1507491442cf1088e59430d2"},
    {file = "SQLAlchemy-1.3.24-cp38-cp38-manylinux2010_x86_64.whl", hash = "sha256:d375d8ccd3cebae8d90270f7aa8532fe05908f79e78ae489068f3b4eee5994e8"},
    {file = "SQLAlchemy-1.3.24-cp38-cp38-manylinux2014_aarch64.whl", hash = "sha256:014ea143572fee1c18322b7908140ad23b3994036ef4c0d630110faf942652f8"},
    {file = "SQLAlchemy-1.3.24-cp38-cp38-win32.whl", hash = "sha256:6607ae6cd3a07f8a4c3198ffbf256c261661965742e2b5265a77cd5c679c9bba"},
    {file = "SQLAlchemy-1.3.24-cp38-cp38-win_amd64.whl", hash = "sha256:fcb251305fa24a490b6a9ee2180e5f8252915fb778d3dafc70f9cc3f863827b9"},
    {file = "SQLAlchemy-1.3.24-cp39-cp39-macosx_10_14_x86_64.whl", hash = "sha256:01aa5f803db724447c1d423ed583e42bf5264c597fd55e4add4301f163b0be48"},
    {file = "SQLAlchemy-1.3.24-cp39-cp39-manylinux1_x86_64.whl", hash = "sha256:4d0e3515ef98aa4f0dc289ff2eebb0ece6260bbf37c2ea2022aad63797eacf60"},
    {file = "SQLAlchemy-1.3.24-cp39-cp39-manylinux2010_x86_64.whl", hash = "sha256:bce28277f308db43a6b4965734366f533b3ff009571ec7ffa583cb77539b84d6"},
    {file = "SQLAlchemy-1.3.24-cp39-cp39-manylinux2014_aarch64.whl", hash = "sha256:8110e6c414d3efc574543109ee618fe2c1f96fa31833a1ff36cc34e968c4f233"},
    {file = "SQLAlchemy-1.3.24-cp39-cp39-win32.whl", hash = "sha256:ee5f5188edb20a29c1cc4a039b074fdc5575337c9a68f3063449ab47757bb064"},
    {file = "SQLAlchemy-1.3.24-cp39-cp39-win_amd64.whl", hash = "sha256:09083c2487ca3c0865dc588e07aeaa25416da3d95f7482c07e92f47e080aa17b"},
    {file = "SQLAlchemy-1.3.24.tar.gz", hash = "sha256:ebbb777cbf9312359b897bf81ba00dae0f5cb69fba2a18265dcc18a6f5ef7519"},
]
